{
  "name": "leprotheme",
  "lockfileVersion": 2,
  "requires": true,
  "packages": {
    "": {
      "dependencies": {
        "@types/yandex-maps": "^2.1.27",
        "ymaps": "^0.2.1"
      }
    },
    "node_modules/@types/yandex-maps": {
      "version": "2.1.27",
      "resolved": "https://registry.npmjs.org/@types/yandex-maps/-/yandex-maps-2.1.27.tgz",
      "integrity": "sha512-hz2e/kw04Yxtb9LIHn2mxt6eGpSD/auule/LIYSvRIVTz3yK/kBw8NSZIu1921RXOXqG2VmQOP+HXV1djIdj1Q=="
    },
    "node_modules/ymaps": {
      "version": "0.2.1",
      "resolved": "https://registry.npmjs.org/ymaps/-/ymaps-0.2.1.tgz",
      "integrity": "sha512-7PXl4mwipFyqBuyWsphOEEP+9wlkIyNKcXlhrWi+mX8R9m9Fz1bNdPGSMdAw3zTZRq4vjOQ7WIFFCvf7Q5UX/A=="
    }
  },
  "dependencies": {
    "@types/yandex-maps": {
      "version": "2.1.27",
      "resolved": "https://registry.npmjs.org/@types/yandex-maps/-/yandex-maps-2.1.27.tgz",
      "integrity": "sha512-hz2e/kw04Yxtb9LIHn2mxt6eGpSD/auule/LIYSvRIVTz3yK/kBw8NSZIu1921RXOXqG2VmQOP+HXV1djIdj1Q=="
    },
    "ymaps": {
      "version": "0.2.1",
      "resolved": "https://registry.npmjs.org/ymaps/-/ymaps-0.2.1.tgz",
      "integrity": "sha512-7PXl4mwipFyqBuyWsphOEEP+9wlkIyNKcXlhrWi+mX8R9m9Fz1bNdPGSMdAw3zTZRq4vjOQ7WIFFCvf7Q5UX/A=="
    }
  }
}
